
Microsoft Visual Studio Solution File, Format Version 12.00
# Visual Studio Version 17
VisualStudioVersion = 17.3.32929.385
MinimumVisualStudioVersion = 10.0.40219.1
Project("{FAE04EC0-301F-11D3-BF4B-00C04F79EFBC}") = "MusteriTakip.FormUI", "MusteriTakip.FormUI\MusteriTakip.FormUI.csproj", "{A1792937-23EF-47C4-9BB6-48767AFF8586}"
EndProject
Project("{FAE04EC0-301F-11D3-BF4B-00C04F79EFBC}") = "MusteriTakip.Data", "MusteriTakip.Data\MusteriTakip.Data.csproj", "{ED175690-F067-4F95-8FA6-25288BFDFA58}"
EndProject
Project("{FAE04EC0-301F-11D3-BF4B-00C04F79EFBC}") = "MusteriTakip.Common", "MusteriTakip.Common\MusteriTakip.Common.csproj", "{4E27F9EF-B202-4883-BB45-B26DE05B736E}"
EndProject
Project("{FAE04EC0-301F-11D3-BF4B-00C04F79EFBC}") = "MusteriTakip.Service", "MusteriTakip.Service\MusteriTakip.Service.csproj", "{42364BD1-487C-4B54-A913-86805F47E810}"
EndProject
Project("{FAE04EC0-301F-11D3-BF4B-00C04F79EFBC}") = "MusteriTakip.WinService", "MusteriTakip.WinService\MusteriTakip.WinService.csproj", "{F759401C-E19D-425E-8516-1C587B98E0DA}"
EndProject
Global
	GlobalSection(SolutionConfigurationPlatforms) = preSolution
		Debug|Any CPU = Debug|Any CPU
		Release|Any CPU = Release|Any CPU
	EndGlobalSection
	GlobalSection(ProjectConfigurationPlatforms) = postSolution
		{A1792937-23EF-47C4-9BB6-48767AFF8586}.Debug|Any CPU.ActiveCfg = Debug|Any CPU
		{A1792937-23EF-47C4-9BB6-48767AFF8586}.Debug|Any CPU.Build.0 = Debug|Any CPU
		{A1792937-23EF-47C4-9BB6-48767AFF8586}.Release|Any CPU.ActiveCfg = Release|Any CPU
		{A1792937-23EF-47C4-9BB6-48767AFF8586}.Release|Any CPU.Build.0 = Release|Any CPU
		{ED175690-F067-4F95-8FA6-25288BFDFA58}.Debug|Any CPU.ActiveCfg = Debug|Any CPU
		{ED175690-F067-4F95-8FA6-25288BFDFA58}.Debug|Any CPU.Build.0 = Debug|Any CPU
		{ED175690-F067-4F95-8FA6-25288BFDFA58}.Release|Any CPU.ActiveCfg = Release|Any CPU
		{ED175690-F067-4F95-8FA6-25288BFDFA58}.Release|Any CPU.Build.0 = Release|Any CPU
		{4E27F9EF-B202-4883-BB45-B26DE05B736E}.Debug|Any CPU.ActiveCfg = Debug|Any CPU
		{4E27F9EF-B202-4883-BB45-B26DE05B736E}.Debug|Any CPU.Build.0 = Debug|Any CPU
		{4E27F9EF-B202-4883-BB45-B26DE05B736E}.Release|Any CPU.ActiveCfg = Release|Any CPU
		{4E27F9EF-B202-4883-BB45-B26DE05B736E}.Release|Any CPU.Build.0 = Release|Any CPU
		{42364BD1-487C-4B54-A913-86805F47E810}.Debug|Any CPU.ActiveCfg = Debug|Any CPU
		{42364BD1-487C-4B54-A913-86805F47E810}.Debug|Any CPU.Build.0 = Debug|Any CPU
		{42364BD1-487C-4B54-A913-86805F47E810}.Release|Any CPU.ActiveCfg = Release|Any CPU
		{42364BD1-487C-4B54-A913-86805F47E810}.Release|Any CPU.Build.0 = Release|Any CPU
		{F759401C-E19D-425E-8516-1C587B98E0DA}.Debug|Any CPU.ActiveCfg = Debug|Any CPU
		{F759401C-E19D-425E-8516-1C587B98E0DA}.Debug|Any CPU.Build.0 = Debug|Any CPU
		{F759401C-E19D-425E-8516-1C587B98E0DA}.Release|Any CPU.ActiveCfg = Release|Any CPU
		{F759401C-E19D-425E-8516-1C587B98E0DA}.Release|Any CPU.Build.0 = Release|Any CPU
	EndGlobalSection
	GlobalSection(SolutionProperties) = preSolution
		HideSolutionNode = FALSE
	EndGlobalSection
	GlobalSection(ExtensibilityGlobals) = postSolution
		SolutionGuid = {810AB660-E439-404B-9AA4-BB845290DF6D}
	EndGlobalSection
EndGlobal
